// !$*UTF8*$!
{
	archiveVersion = 1;
	classes = {
	};
	objectVersion = 56;
	objects = {

/* Begin PBXBuildFile section */
		27961A262AB16B4F0081FC69 /* RMEndpoint.swift in Sources */ = {isa = PBXBuildFile; fileRef = 27961A252AB16B4F0081FC69 /* RMEndpoint.swift */; };
		279AE3942AAE81F500974E05 /* AppDelegate.swift in Sources */ = {isa = PBXBuildFile; fileRef = 279AE3932AAE81F500974E05 /* AppDelegate.swift */; };
		279AE3962AAE81F500974E05 /* SceneDelegate.swift in Sources */ = {isa = PBXBuildFile; fileRef = 279AE3952AAE81F500974E05 /* SceneDelegate.swift */; };
		279AE3982AAE81F500974E05 /* RMTabBarController.swift in Sources */ = {isa = PBXBuildFile; fileRef = 279AE3972AAE81F500974E05 /* RMTabBarController.swift */; };
		279AE39D2AAE81F600974E05 /* Assets.xcassets in Resources */ = {isa = PBXBuildFile; fileRef = 279AE39C2AAE81F600974E05 /* Assets.xcassets */; };
		279AE3A02AAE81F600974E05 /* LaunchScreen.storyboard in Resources */ = {isa = PBXBuildFile; fileRef = 279AE39E2AAE81F600974E05 /* LaunchScreen.storyboard */; };
		279AE3AF2AAEA2E300974E05 /* RMLocation.swift in Sources */ = {isa = PBXBuildFile; fileRef = 279AE3AE2AAEA2E300974E05 /* RMLocation.swift */; };
		279AE3B12AAEA2EF00974E05 /* RMCharacter.swift in Sources */ = {isa = PBXBuildFile; fileRef = 279AE3B02AAEA2EF00974E05 /* RMCharacter.swift */; };
		279AE3B32AAEA2FF00974E05 /* RMEpisode.swift in Sources */ = {isa = PBXBuildFile; fileRef = 279AE3B22AAEA2FF00974E05 /* RMEpisode.swift */; };
		279AE3B62AAEA3DE00974E05 /* RMCharacterViewController.swift in Sources */ = {isa = PBXBuildFile; fileRef = 279AE3B52AAEA3DE00974E05 /* RMCharacterViewController.swift */; };
		279AE3B82AAEA3FE00974E05 /* RMLocationViewController.swift in Sources */ = {isa = PBXBuildFile; fileRef = 279AE3B72AAEA3FE00974E05 /* RMLocationViewController.swift */; };
		279AE3BA2AAEA40E00974E05 /* RMEpisodeViewController.swift in Sources */ = {isa = PBXBuildFile; fileRef = 279AE3B92AAEA40E00974E05 /* RMEpisodeViewController.swift */; };
		279AE3BC2AAEA42B00974E05 /* RMSettingsViewController.swift in Sources */ = {isa = PBXBuildFile; fileRef = 279AE3BB2AAEA42B00974E05 /* RMSettingsViewController.swift */; };
		279AE3BE2AAEC7F000974E05 /* RMservice.swift in Sources */ = {isa = PBXBuildFile; fileRef = 279AE3BD2AAEC7F000974E05 /* RMservice.swift */; };
		279AE3C02AAEC80C00974E05 /* RMRequest.swift in Sources */ = {isa = PBXBuildFile; fileRef = 279AE3BF2AAEC80C00974E05 /* RMRequest.swift */; };
		27DA60E82AB20C4C009C7F7D /* RMOrigin.swift in Sources */ = {isa = PBXBuildFile; fileRef = 27DA60E72AB20C4C009C7F7D /* RMOrigin.swift */; };
		27DA60EA2AB20D40009C7F7D /* RMSingleLocation.swift in Sources */ = {isa = PBXBuildFile; fileRef = 27DA60E92AB20D40009C7F7D /* RMSingleLocation.swift */; };
		27DA60EC2AB2102E009C7F7D /* RMCharacterStatus.swift in Sources */ = {isa = PBXBuildFile; fileRef = 27DA60EB2AB2102E009C7F7D /* RMCharacterStatus.swift */; };
		27DA60EE2AB2107A009C7F7D /* RMCharacterGender.swift in Sources */ = {isa = PBXBuildFile; fileRef = 27DA60ED2AB2107A009C7F7D /* RMCharacterGender.swift */; };
		27DA60F22AB3368C009C7F7D /* RMGetAllCharactersResponse.swift in Sources */ = {isa = PBXBuildFile; fileRef = 27DA60F12AB3368C009C7F7D /* RMGetAllCharactersResponse.swift */; };
		27DA60F42AB34473009C7F7D /* CharacterListViewViewModel.swift in Sources */ = {isa = PBXBuildFile; fileRef = 27DA60F32AB34473009C7F7D /* CharacterListViewViewModel.swift */; };
		27DA60F62AB3454F009C7F7D /* CharacterListView.swift in Sources */ = {isa = PBXBuildFile; fileRef = 27DA60F52AB3454F009C7F7D /* CharacterListView.swift */; };
		27DA60F82AB350A8009C7F7D /* Extensions.swift in Sources */ = {isa = PBXBuildFile; fileRef = 27DA60F72AB350A8009C7F7D /* Extensions.swift */; };
/* End PBXBuildFile section */

/* Begin PBXFileReference section */
		27961A252AB16B4F0081FC69 /* RMEndpoint.swift */ = {isa = PBXFileReference; lastKnownFileType = sourcecode.swift; path = RMEndpoint.swift; sourceTree = "<group>"; };
		279AE3902AAE81F500974E05 /* RickAndMorty.app */ = {isa = PBXFileReference; explicitFileType = wrapper.application; includeInIndex = 0; path = RickAndMorty.app; sourceTree = BUILT_PRODUCTS_DIR; };
		279AE3932AAE81F500974E05 /* AppDelegate.swift */ = {isa = PBXFileReference; lastKnownFileType = sourcecode.swift; path = AppDelegate.swift; sourceTree = "<group>"; };
		279AE3952AAE81F500974E05 /* SceneDelegate.swift */ = {isa = PBXFileReference; lastKnownFileType = sourcecode.swift; path = SceneDelegate.swift; sourceTree = "<group>"; };
		279AE3972AAE81F500974E05 /* RMTabBarController.swift */ = {isa = PBXFileReference; lastKnownFileType = sourcecode.swift; path = RMTabBarController.swift; sourceTree = "<group>"; };
		279AE39C2AAE81F600974E05 /* Assets.xcassets */ = {isa = PBXFileReference; lastKnownFileType = folder.assetcatalog; path = Assets.xcassets; sourceTree = "<group>"; };
		279AE39F2AAE81F600974E05 /* Base */ = {isa = PBXFileReference; lastKnownFileType = file.storyboard; name = Base; path = Base.lproj/LaunchScreen.storyboard; sourceTree = "<group>"; };
		279AE3A12AAE81F600974E05 /* Info.plist */ = {isa = PBXFileReference; lastKnownFileType = text.plist.xml; path = Info.plist; sourceTree = "<group>"; };
		279AE3AE2AAEA2E300974E05 /* RMLocation.swift */ = {isa = PBXFileReference; lastKnownFileType = sourcecode.swift; path = RMLocation.swift; sourceTree = "<group>"; };
		279AE3B02AAEA2EF00974E05 /* RMCharacter.swift */ = {isa = PBXFileReference; lastKnownFileType = sourcecode.swift; path = RMCharacter.swift; sourceTree = "<group>"; };
		279AE3B22AAEA2FF00974E05 /* RMEpisode.swift */ = {isa = PBXFileReference; lastKnownFileType = sourcecode.swift; path = RMEpisode.swift; sourceTree = "<group>"; };
		279AE3B52AAEA3DE00974E05 /* RMCharacterViewController.swift */ = {isa = PBXFileReference; lastKnownFileType = sourcecode.swift; path = RMCharacterViewController.swift; sourceTree = "<group>"; };
		279AE3B72AAEA3FE00974E05 /* RMLocationViewController.swift */ = {isa = PBXFileReference; lastKnownFileType = sourcecode.swift; path = RMLocationViewController.swift; sourceTree = "<group>"; };
		279AE3B92AAEA40E00974E05 /* RMEpisodeViewController.swift */ = {isa = PBXFileReference; lastKnownFileType = sourcecode.swift; path = RMEpisodeViewController.swift; sourceTree = "<group>"; };
		279AE3BB2AAEA42B00974E05 /* RMSettingsViewController.swift */ = {isa = PBXFileReference; lastKnownFileType = sourcecode.swift; path = RMSettingsViewController.swift; sourceTree = "<group>"; };
		279AE3BD2AAEC7F000974E05 /* RMservice.swift */ = {isa = PBXFileReference; lastKnownFileType = sourcecode.swift; path = RMservice.swift; sourceTree = "<group>"; };
		279AE3BF2AAEC80C00974E05 /* RMRequest.swift */ = {isa = PBXFileReference; lastKnownFileType = sourcecode.swift; path = RMRequest.swift; sourceTree = "<group>"; };
		27DA60E72AB20C4C009C7F7D /* RMOrigin.swift */ = {isa = PBXFileReference; lastKnownFileType = sourcecode.swift; path = RMOrigin.swift; sourceTree = "<group>"; };
		27DA60E92AB20D40009C7F7D /* RMSingleLocation.swift */ = {isa = PBXFileReference; lastKnownFileType = sourcecode.swift; path = RMSingleLocation.swift; sourceTree = "<group>"; };
		27DA60EB2AB2102E009C7F7D /* RMCharacterStatus.swift */ = {isa = PBXFileReference; lastKnownFileType = sourcecode.swift; path = RMCharacterStatus.swift; sourceTree = "<group>"; };
		27DA60ED2AB2107A009C7F7D /* RMCharacterGender.swift */ = {isa = PBXFileReference; lastKnownFileType = sourcecode.swift; path = RMCharacterGender.swift; sourceTree = "<group>"; };
		27DA60F12AB3368C009C7F7D /* RMGetAllCharactersResponse.swift */ = {isa = PBXFileReference; lastKnownFileType = sourcecode.swift; path = RMGetAllCharactersResponse.swift; sourceTree = "<group>"; };
		27DA60F32AB34473009C7F7D /* CharacterListViewViewModel.swift */ = {isa = PBXFileReference; lastKnownFileType = sourcecode.swift; path = CharacterListViewViewModel.swift; sourceTree = "<group>"; };
		27DA60F52AB3454F009C7F7D /* CharacterListView.swift */ = {isa = PBXFileReference; lastKnownFileType = sourcecode.swift; path = CharacterListView.swift; sourceTree = "<group>"; };
		27DA60F72AB350A8009C7F7D /* Extensions.swift */ = {isa = PBXFileReference; lastKnownFileType = sourcecode.swift; path = Extensions.swift; sourceTree = "<group>"; };
/* End PBXFileReference section */

/* Begin PBXFrameworksBuildPhase section */
		279AE38D2AAE81F500974E05 /* Frameworks */ = {
			isa = PBXFrameworksBuildPhase;
			buildActionMask = 2147483647;
			files = (
			);
			runOnlyForDeploymentPostprocessing = 0;
		};
/* End PBXFrameworksBuildPhase section */

/* Begin PBXGroup section */
		279AE3872AAE81F500974E05 = {
			isa = PBXGroup;
			children = (
				279AE3922AAE81F500974E05 /* RickAndMorty */,
				279AE3912AAE81F500974E05 /* Products */,
			);
			sourceTree = "<group>";
		};
		279AE3912AAE81F500974E05 /* Products */ = {
			isa = PBXGroup;
			children = (
				279AE3902AAE81F500974E05 /* RickAndMorty.app */,
			);
			name = Products;
			sourceTree = "<group>";
		};
		279AE3922AAE81F500974E05 /* RickAndMorty */ = {
			isa = PBXGroup;
			children = (
				279AE3AD2AAEA1D700974E05 /* Resources */,
				279AE3AC2AAEA1CE00974E05 /* Managers */,
				279AE3AB2AAEA1BE00974E05 /* APIClient */,
				279AE3AA2AAEA19F00974E05 /* ViewModels */,
				279AE3A92AAEA18D00974E05 /* Views */,
				279AE3A82AAEA18700974E05 /* Models */,
				279AE3A72AAEA18000974E05 /* Controllers */,
				279AE3A12AAE81F600974E05 /* Info.plist */,
			);
			path = RickAndMorty;
			sourceTree = "<group>";
		};
		279AE3A72AAEA18000974E05 /* Controllers */ = {
			isa = PBXGroup;
			children = (
				279AE3B42AAEA3B200974E05 /* core */,
			);
			path = Controllers;
			sourceTree = "<group>";
		};
		279AE3A82AAEA18700974E05 /* Models */ = {
			isa = PBXGroup;
			children = (
				27DA60F02AB33650009C7F7D /* APIResponseTypes */,
				27DA60EF2AB33631009C7F7D /* DataTypes */,
			);
			path = Models;
			sourceTree = "<group>";
		};
		279AE3A92AAEA18D00974E05 /* Views */ = {
			isa = PBXGroup;
			children = (
				27DA60F52AB3454F009C7F7D /* CharacterListView.swift */,
			);
			path = Views;
			sourceTree = "<group>";
		};
		279AE3AA2AAEA19F00974E05 /* ViewModels */ = {
			isa = PBXGroup;
			children = (
				27DA60F32AB34473009C7F7D /* CharacterListViewViewModel.swift */,
			);
			path = ViewModels;
			sourceTree = "<group>";
		};
		279AE3AB2AAEA1BE00974E05 /* APIClient */ = {
			isa = PBXGroup;
			children = (
				279AE3BD2AAEC7F000974E05 /* RMservice.swift */,
				279AE3BF2AAEC80C00974E05 /* RMRequest.swift */,
				27961A252AB16B4F0081FC69 /* RMEndpoint.swift */,
			);
			path = APIClient;
			sourceTree = "<group>";
		};
		279AE3AC2AAEA1CE00974E05 /* Managers */ = {
			isa = PBXGroup;
			children = (
			);
			path = Managers;
			sourceTree = "<group>";
		};
		279AE3AD2AAEA1D700974E05 /* Resources */ = {
			isa = PBXGroup;
			children = (
				279AE39C2AAE81F600974E05 /* Assets.xcassets */,
				279AE39E2AAE81F600974E05 /* LaunchScreen.storyboard */,
				279AE3932AAE81F500974E05 /* AppDelegate.swift */,
				279AE3952AAE81F500974E05 /* SceneDelegate.swift */,
				27DA60F72AB350A8009C7F7D /* Extensions.swift */,
			);
			path = Resources;
			sourceTree = "<group>";
		};
		279AE3B42AAEA3B200974E05 /* core */ = {
			isa = PBXGroup;
			children = (
				279AE3972AAE81F500974E05 /* RMTabBarController.swift */,
				279AE3B52AAEA3DE00974E05 /* RMCharacterViewController.swift */,
				279AE3B72AAEA3FE00974E05 /* RMLocationViewController.swift */,
				279AE3B92AAEA40E00974E05 /* RMEpisodeViewController.swift */,
				279AE3BB2AAEA42B00974E05 /* RMSettingsViewController.swift */,
			);
			path = core;
			sourceTree = "<group>";
		};
		27DA60EF2AB33631009C7F7D /* DataTypes */ = {
			isa = PBXGroup;
			children = (
				279AE3AE2AAEA2E300974E05 /* RMLocation.swift */,
				279AE3B02AAEA2EF00974E05 /* RMCharacter.swift */,
				279AE3B22AAEA2FF00974E05 /* RMEpisode.swift */,
				27DA60E72AB20C4C009C7F7D /* RMOrigin.swift */,
				27DA60E92AB20D40009C7F7D /* RMSingleLocation.swift */,
				27DA60EB2AB2102E009C7F7D /* RMCharacterStatus.swift */,
				27DA60ED2AB2107A009C7F7D /* RMCharacterGender.swift */,
			);
			path = DataTypes;
			sourceTree = "<group>";
		};
		27DA60F02AB33650009C7F7D /* APIResponseTypes */ = {
			isa = PBXGroup;
			children = (
				27DA60F12AB3368C009C7F7D /* RMGetAllCharactersResponse.swift */,
			);
			path = APIResponseTypes;
			sourceTree = "<group>";
		};
/* End PBXGroup section */

/* Begin PBXNativeTarget section */
		279AE38F2AAE81F500974E05 /* RickAndMorty */ = {
			isa = PBXNativeTarget;
			buildConfigurationList = 279AE3A42AAE81F600974E05 /* Build configuration list for PBXNativeTarget "RickAndMorty" */;
			buildPhases = (
				279AE38C2AAE81F500974E05 /* Sources */,
				279AE38D2AAE81F500974E05 /* Frameworks */,
				279AE38E2AAE81F500974E05 /* Resources */,
			);
			buildRules = (
			);
			dependencies = (
			);
			name = RickAndMorty;
			productName = RickAndMorty;
			productReference = 279AE3902AAE81F500974E05 /* RickAndMorty.app */;
			productType = "com.apple.product-type.application";
		};
/* End PBXNativeTarget section */

/* Begin PBXProject section */
		279AE3882AAE81F500974E05 /* Project object */ = {
			isa = PBXProject;
			attributes = {
				BuildIndependentTargetsInParallel = 1;
				LastSwiftUpdateCheck = 1430;
				LastUpgradeCheck = 1430;
				TargetAttributes = {
					279AE38F2AAE81F500974E05 = {
						CreatedOnToolsVersion = 14.3.1;
					};
				};
			};
			buildConfigurationList = 279AE38B2AAE81F500974E05 /* Build configuration list for PBXProject "RickAndMorty" */;
			compatibilityVersion = "Xcode 14.0";
			developmentRegion = en;
			hasScannedForEncodings = 0;
			knownRegions = (
				en,
				Base,
			);
			mainGroup = 279AE3872AAE81F500974E05;
			productRefGroup = 279AE3912AAE81F500974E05 /* Products */;
			projectDirPath = "";
			projectRoot = "";
			targets = (
				279AE38F2AAE81F500974E05 /* RickAndMorty */,
			);
		};
/* End PBXProject section */

/* Begin PBXResourcesBuildPhase section */
		279AE38E2AAE81F500974E05 /* Resources */ = {
			isa = PBXResourcesBuildPhase;
			buildActionMask = 2147483647;
			files = (
				279AE3A02AAE81F600974E05 /* LaunchScreen.storyboard in Resources */,
				279AE39D2AAE81F600974E05 /* Assets.xcassets in Resources */,
			);
			runOnlyForDeploymentPostprocessing = 0;
		};
/* End PBXResourcesBuildPhase section */

/* Begin PBXSourcesBuildPhase section */
		279AE38C2AAE81F500974E05 /* Sources */ = {
			isa = PBXSourcesBuildPhase;
			buildActionMask = 2147483647;
			files = (
				27DA60F22AB3368C009C7F7D /* RMGetAllCharactersResponse.swift in Sources */,
				27DA60E82AB20C4C009C7F7D /* RMOrigin.swift in Sources */,
				27DA60F62AB3454F009C7F7D /* CharacterListView.swift in Sources */,
				27DA60EA2AB20D40009C7F7D /* RMSingleLocation.swift in Sources */,
				27DA60EC2AB2102E009C7F7D /* RMCharacterStatus.swift in Sources */,
				27DA60EE2AB2107A009C7F7D /* RMCharacterGender.swift in Sources */,
				279AE3B82AAEA3FE00974E05 /* RMLocationViewController.swift in Sources */,
				279AE3B32AAEA2FF00974E05 /* RMEpisode.swift in Sources */,
				279AE3982AAE81F500974E05 /* RMTabBarController.swift in Sources */,
				279AE3BA2AAEA40E00974E05 /* RMEpisodeViewController.swift in Sources */,
				27DA60F42AB34473009C7F7D /* CharacterListViewViewModel.swift in Sources */,
				279AE3942AAE81F500974E05 /* AppDelegate.swift in Sources */,
				279AE3962AAE81F500974E05 /* SceneDelegate.swift in Sources */,
				27DA60F82AB350A8009C7F7D /* Extensions.swift in Sources */,
				279AE3BC2AAEA42B00974E05 /* RMSettingsViewController.swift in Sources */,
				279AE3BE2AAEC7F000974E05 /* RMservice.swift in Sources */,
				279AE3AF2AAEA2E300974E05 /* RMLocation.swift in Sources */,
				27961A262AB16B4F0081FC69 /* RMEndpoint.swift in Sources */,
				279AE3B12AAEA2EF00974E05 /* RMCharacter.swift in Sources */,
				279AE3C02AAEC80C00974E05 /* RMRequest.swift in Sources */,
				279AE3B62AAEA3DE00974E05 /* RMCharacterViewController.swift in Sources */,
			);
			runOnlyForDeploymentPostprocessing = 0;
		};
/* End PBXSourcesBuildPhase section */

/* Begin PBXVariantGroup section */
		279AE39E2AAE81F600974E05 /* LaunchScreen.storyboard */ = {
			isa = PBXVariantGroup;
			children = (
				279AE39F2AAE81F600974E05 /* Base */,
			);
			name = LaunchScreen.storyboard;
			sourceTree = "<group>";
		};
/* End PBXVariantGroup section */

/* Begin XCBuildConfiguration section */
		279AE3A22AAE81F600974E05 /* Debug */ = {
			isa = XCBuildConfiguration;
			buildSettings = {
				ALWAYS_SEARCH_USER_PATHS = NO;
				CLANG_ANALYZER_NONNULL = YES;
				CLANG_ANALYZER_NUMBER_OBJECT_CONVERSION = YES_AGGRESSIVE;
				CLANG_CXX_LANGUAGE_STANDARD = "gnu++20";
				CLANG_ENABLE_MODULES = YES;
				CLANG_ENABLE_OBJC_ARC = YES;
				CLANG_ENABLE_OBJC_WEAK = YES;
				CLANG_WARN_BLOCK_CAPTURE_AUTORELEASING = YES;
				CLANG_WARN_BOOL_CONVERSION = YES;
				CLANG_WARN_COMMA = YES;
				CLANG_WARN_CONSTANT_CONVERSION = YES;
				CLANG_WARN_DEPRECATED_OBJC_IMPLEMENTATIONS = YES;
				CLANG_WARN_DIRECT_OBJC_ISA_USAGE = YES_ERROR;
				CLANG_WARN_DOCUMENTATION_COMMENTS = YES;
				CLANG_WARN_EMPTY_BODY = YES;
				CLANG_WARN_ENUM_CONVERSION = YES;
				CLANG_WARN_INFINITE_RECURSION = YES;
				CLANG_WARN_INT_CONVERSION = YES;
				CLANG_WARN_NON_LITERAL_NULL_CONVERSION = YES;
				CLANG_WARN_OBJC_IMPLICIT_RETAIN_SELF = YES;
				CLANG_WARN_OBJC_LITERAL_CONVERSION = YES;
				CLANG_WARN_OBJC_ROOT_CLASS = YES_ERROR;
				CLANG_WARN_QUOTED_INCLUDE_IN_FRAMEWORK_HEADER = YES;
				CLANG_WARN_RANGE_LOOP_ANALYSIS = YES;
				CLANG_WARN_STRICT_PROTOTYPES = YES;
				CLANG_WARN_SUSPICIOUS_MOVE = YES;
				CLANG_WARN_UNGUARDED_AVAILABILITY = YES_AGGRESSIVE;
				CLANG_WARN_UNREACHABLE_CODE = YES;
				CLANG_WARN__DUPLICATE_METHOD_MATCH = YES;
				COPY_PHASE_STRIP = NO;
				DEBUG_INFORMATION_FORMAT = dwarf;
				ENABLE_STRICT_OBJC_MSGSEND = YES;
				ENABLE_TESTABILITY = YES;
				GCC_C_LANGUAGE_STANDARD = gnu11;
				GCC_DYNAMIC_NO_PIC = NO;
				GCC_NO_COMMON_BLOCKS = YES;
				GCC_OPTIMIZATION_LEVEL = 0;
				GCC_PREPROCESSOR_DEFINITIONS = (
					"DEBUG=1",
					"$(inherited)",
				);
				GCC_WARN_64_TO_32_BIT_CONVERSION = YES;
				GCC_WARN_ABOUT_RETURN_TYPE = YES_ERROR;
				GCC_WARN_UNDECLARED_SELECTOR = YES;
				GCC_WARN_UNINITIALIZED_AUTOS = YES_AGGRESSIVE;
				GCC_WARN_UNUSED_FUNCTION = YES;
				GCC_WARN_UNUSED_VARIABLE = YES;
				IPHONEOS_DEPLOYMENT_TARGET = 16.4;
				MTL_ENABLE_DEBUG_INFO = INCLUDE_SOURCE;
				MTL_FAST_MATH = YES;
				ONLY_ACTIVE_ARCH = YES;
				SDKROOT = iphoneos;
				SWIFT_ACTIVE_COMPILATION_CONDITIONS = DEBUG;
				SWIFT_OPTIMIZATION_LEVEL = "-Onone";
			};
			name = Debug;
		};
		279AE3A32AAE81F600974E05 /* Release */ = {
			isa = XCBuildConfiguration;
			buildSettings = {
				ALWAYS_SEARCH_USER_PATHS = NO;
				CLANG_ANALYZER_NONNULL = YES;
				CLANG_ANALYZER_NUMBER_OBJECT_CONVERSION = YES_AGGRESSIVE;
				CLANG_CXX_LANGUAGE_STANDARD = "gnu++20";
				CLANG_ENABLE_MODULES = YES;
				CLANG_ENABLE_OBJC_ARC = YES;
				CLANG_ENABLE_OBJC_WEAK = YES;
				CLANG_WARN_BLOCK_CAPTURE_AUTORELEASING = YES;
				CLANG_WARN_BOOL_CONVERSION = YES;
				CLANG_WARN_COMMA = YES;
				CLANG_WARN_CONSTANT_CONVERSION = YES;
				CLANG_WARN_DEPRECATED_OBJC_IMPLEMENTATIONS = YES;
				CLANG_WARN_DIRECT_OBJC_ISA_USAGE = YES_ERROR;
				CLANG_WARN_DOCUMENTATION_COMMENTS = YES;
				CLANG_WARN_EMPTY_BODY = YES;
				CLANG_WARN_ENUM_CONVERSION = YES;
				CLANG_WARN_INFINITE_RECURSION = YES;
				CLANG_WARN_INT_CONVERSION = YES;
				CLANG_WARN_NON_LITERAL_NULL_CONVERSION = YES;
				CLANG_WARN_OBJC_IMPLICIT_RETAIN_SELF = YES;
				CLANG_WARN_OBJC_LITERAL_CONVERSION = YES;
				CLANG_WARN_OBJC_ROOT_CLASS = YES_ERROR;
				CLANG_WARN_QUOTED_INCLUDE_IN_FRAMEWORK_HEADER = YES;
				CLANG_WARN_RANGE_LOOP_ANALYSIS = YES;
				CLANG_WARN_STRICT_PROTOTYPES = YES;
				CLANG_WARN_SUSPICIOUS_MOVE = YES;
				CLANG_WARN_UNGUARDED_AVAILABILITY = YES_AGGRESSIVE;
				CLANG_WARN_UNREACHABLE_CODE = YES;
				CLANG_WARN__DUPLICATE_METHOD_MATCH = YES;
				COPY_PHASE_STRIP = NO;
				DEBUG_INFORMATION_FORMAT = "dwarf-with-dsym";
				ENABLE_NS_ASSERTIONS = NO;
				ENABLE_STRICT_OBJC_MSGSEND = YES;
				GCC_C_LANGUAGE_STANDARD = gnu11;
				GCC_NO_COMMON_BLOCKS = YES;
				GCC_WARN_64_TO_32_BIT_CONVERSION = YES;
				GCC_WARN_ABOUT_RETURN_TYPE = YES_ERROR;
				GCC_WARN_UNDECLARED_SELECTOR = YES;
				GCC_WARN_UNINITIALIZED_AUTOS = YES_AGGRESSIVE;
				GCC_WARN_UNUSED_FUNCTION = YES;
				GCC_WARN_UNUSED_VARIABLE = YES;
				IPHONEOS_DEPLOYMENT_TARGET = 16.4;
				MTL_ENABLE_DEBUG_INFO = NO;
				MTL_FAST_MATH = YES;
				SDKROOT = iphoneos;
				SWIFT_COMPILATION_MODE = wholemodule;
				SWIFT_OPTIMIZATION_LEVEL = "-O";
				VALIDATE_PRODUCT = YES;
			};
			name = Release;
		};
		279AE3A52AAE81F600974E05 /* Debug */ = {
			isa = XCBuildConfiguration;
			buildSettings = {
				ASSETCATALOG_COMPILER_APPICON_NAME = AppIcon;
				ASSETCATALOG_COMPILER_GLOBAL_ACCENT_COLOR_NAME = AccentColor;
				CODE_SIGN_STYLE = Automatic;
				CURRENT_PROJECT_VERSION = 1;
				DEVELOPMENT_TEAM = XHS829MP8B;
				GENERATE_INFOPLIST_FILE = YES;
				INFOPLIST_FILE = RickAndMorty/Info.plist;
				INFOPLIST_KEY_UIApplicationSupportsIndirectInputEvents = YES;
				INFOPLIST_KEY_UILaunchStoryboardName = LaunchScreen;
				INFOPLIST_KEY_UISupportedInterfaceOrientations_iPad = "UIInterfaceOrientationPortrait UIInterfaceOrientationPortraitUpsideDown UIInterfaceOrientationLandscapeLeft UIInterfaceOrientationLandscapeRight";
				INFOPLIST_KEY_UISupportedInterfaceOrientations_iPhone = "UIInterfaceOrientationPortrait UIInterfaceOrientationLandscapeLeft UIInterfaceOrientationLandscapeRight";
				LD_RUNPATH_SEARCH_PATHS = (
					"$(inherited)",
					"@executable_path/Frameworks",
				);
				MARKETING_VERSION = 1.0;
				PRODUCT_BUNDLE_IDENTIFIER = com.Kiki.RickAndMorty;
				PRODUCT_NAME = "$(TARGET_NAME)";
				SWIFT_EMIT_LOC_STRINGS = YES;
				SWIFT_VERSION = 5.0;
				TARGETED_DEVICE_FAMILY = "1,2";
			};
			name = Debug;
		};
		279AE3A62AAE81F600974E05 /* Release */ = {
			isa = XCBuildConfiguration;
			buildSettings = {
				ASSETCATALOG_COMPILER_APPICON_NAME = AppIcon;
				ASSETCATALOG_COMPILER_GLOBAL_ACCENT_COLOR_NAME = AccentColor;
				CODE_SIGN_STYLE = Automatic;
				CURRENT_PROJECT_VERSION = 1;
				DEVELOPMENT_TEAM = XHS829MP8B;
				GENERATE_INFOPLIST_FILE = YES;
				INFOPLIST_FILE = RickAndMorty/Info.plist;
				INFOPLIST_KEY_UIApplicationSupportsIndirectInputEvents = YES;
				INFOPLIST_KEY_UILaunchStoryboardName = LaunchScreen;
				INFOPLIST_KEY_UISupportedInterfaceOrientations_iPad = "UIInterfaceOrientationPortrait UIInterfaceOrientationPortraitUpsideDown UIInterfaceOrientationLandscapeLeft UIInterfaceOrientationLandscapeRight";
				INFOPLIST_KEY_UISupportedInterfaceOrientations_iPhone = "UIInterfaceOrientationPortrait UIInterfaceOrientationLandscapeLeft UIInterfaceOrientationLandscapeRight";
				LD_RUNPATH_SEARCH_PATHS = (
					"$(inherited)",
					"@executable_path/Frameworks",
				);
				MARKETING_VERSION = 1.0;
				PRODUCT_BUNDLE_IDENTIFIER = com.Kiki.RickAndMorty;
				PRODUCT_NAME = "$(TARGET_NAME)";
				SWIFT_EMIT_LOC_STRINGS = YES;
				SWIFT_VERSION = 5.0;
				TARGETED_DEVICE_FAMILY = "1,2";
			};
			name = Release;
		};
/* End XCBuildConfiguration section */

/* Begin XCConfigurationList section */
		279AE38B2AAE81F500974E05 /* Build configuration list for PBXProject "RickAndMorty" */ = {
			isa = XCConfigurationList;
			buildConfigurations = (
				279AE3A22AAE81F600974E05 /* Debug */,
				279AE3A32AAE81F600974E05 /* Release */,
			);
			defaultConfigurationIsVisible = 0;
			defaultConfigurationName = Release;
		};
		279AE3A42AAE81F600974E05 /* Build configuration list for PBXNativeTarget "RickAndMorty" */ = {
			isa = XCConfigurationList;
			buildConfigurations = (
				279AE3A52AAE81F600974E05 /* Debug */,
				279AE3A62AAE81F600974E05 /* Release */,
			);
			defaultConfigurationIsVisible = 0;
			defaultConfigurationName = Release;
		};
/* End XCConfigurationList section */
	};
	rootObject = 279AE3882AAE81F500974E05 /* Project object */;
}
